
Microsoft Visual Studio Solution File, Format Version 12.00
# Visual Studio Version 16
VisualStudioVersion = 16.0.29728.190
MinimumVisualStudioVersion = 10.0.40219.1
Project("{FAE04EC0-301F-11D3-BF4B-00C04F79EFBC}") = "Homework_5", "Homework_5\Homework_5.csproj", "{282E6D8A-566E-4354-8E10-05B3EC4ED582}"
EndProject
Project("{FAE04EC0-301F-11D3-BF4B-00C04F79EFBC}") = "Homework_Theme_01", "Homework_Theme_02\Homework_Theme_01.csproj", "{19A29861-EDF2-44FF-9C63-FEAE0939348E}"
EndProject
Project("{FAE04EC0-301F-11D3-BF4B-00C04F79EFBC}") = "Homework_Theme_03", "Homework_Theme_03\Homework_Theme_03.csproj", "{003BDC77-7FBF-4762-A477-330A52636A84}"
EndProject
Project("{FAE04EC0-301F-11D3-BF4B-00C04F79EFBC}") = "Homework_Theme_04", "Homework_Theme_04\Homework_Theme_04.csproj", "{F1FA1384-19C3-43B5-8900-E45234AFF3EE}"
EndProject
Global
	GlobalSection(SolutionConfigurationPlatforms) = preSolution
		Debug|Any CPU = Debug|Any CPU
		Release|Any CPU = Release|Any CPU
	EndGlobalSection
	GlobalSection(ProjectConfigurationPlatforms) = postSolution
		{282E6D8A-566E-4354-8E10-05B3EC4ED582}.Debug|Any CPU.ActiveCfg = Debug|Any CPU
		{282E6D8A-566E-4354-8E10-05B3EC4ED582}.Debug|Any CPU.Build.0 = Debug|Any CPU
		{282E6D8A-566E-4354-8E10-05B3EC4ED582}.Release|Any CPU.ActiveCfg = Release|Any CPU
		{282E6D8A-566E-4354-8E10-05B3EC4ED582}.Release|Any CPU.Build.0 = Release|Any CPU
		{19A29861-EDF2-44FF-9C63-FEAE0939348E}.Debug|Any CPU.ActiveCfg = Debug|Any CPU
		{19A29861-EDF2-44FF-9C63-FEAE0939348E}.Debug|Any CPU.Build.0 = Debug|Any CPU
		{19A29861-EDF2-44FF-9C63-FEAE0939348E}.Release|Any CPU.ActiveCfg = Release|Any CPU
		{19A29861-EDF2-44FF-9C63-FEAE0939348E}.Release|Any CPU.Build.0 = Release|Any CPU
		{003BDC77-7FBF-4762-A477-330A52636A84}.Debug|Any CPU.ActiveCfg = Debug|Any CPU
		{003BDC77-7FBF-4762-A477-330A52636A84}.Debug|Any CPU.Build.0 = Debug|Any CPU
		{003BDC77-7FBF-4762-A477-330A52636A84}.Release|Any CPU.ActiveCfg = Release|Any CPU
		{003BDC77-7FBF-4762-A477-330A52636A84}.Release|Any CPU.Build.0 = Release|Any CPU
		{F1FA1384-19C3-43B5-8900-E45234AFF3EE}.Debug|Any CPU.ActiveCfg = Debug|Any CPU
		{F1FA1384-19C3-43B5-8900-E45234AFF3EE}.Debug|Any CPU.Build.0 = Debug|Any CPU
		{F1FA1384-19C3-43B5-8900-E45234AFF3EE}.Release|Any CPU.ActiveCfg = Release|Any CPU
		{F1FA1384-19C3-43B5-8900-E45234AFF3EE}.Release|Any CPU.Build.0 = Release|Any CPU
	EndGlobalSection
	GlobalSection(SolutionProperties) = preSolution
		HideSolutionNode = FALSE
	EndGlobalSection
	GlobalSection(ExtensibilityGlobals) = postSolution
		SolutionGuid = {92266E1D-2E6F-4469-9D49-F8E4FE2DCDFC}
	EndGlobalSection
EndGlobal
