
Microsoft Visual Studio Solution File, Format Version 12.00
# Visual Studio 15
VisualStudioVersion = 15.0.28307.329
MinimumVisualStudioVersion = 10.0.40219.1
Project("{2150E333-8FDC-42A3-9474-1A3956D46DE8}") = "Lesson_01", "Lesson_01", "{4021C2D2-7BCD-4D97-8296-73EF4AF009FA}"
EndProject
Project("{FAE04EC0-301F-11D3-BF4B-00C04F79EFBC}") = "HelloWorldConsoleApp", "Lesson_01\HelloWorldConsoleApp\HelloWorldConsoleApp.csproj", "{A7372A6D-4D63-446A-B327-32A659068D8F}"
EndProject
Project("{FAE04EC0-301F-11D3-BF4B-00C04F79EFBC}") = "Homework_01", "Lesson_01\Homework_01\Homework_01.csproj", "{7FF7F46B-89CD-46C7-994A-D5CB3AA8D718}"
EndProject
Project("{2150E333-8FDC-42A3-9474-1A3956D46DE8}") = "Lesson_01", "Lesson_01", "{6C0AE5AE-6622-41E0-BC52-7B49169871FE}"
EndProject
Project("{FAE04EC0-301F-11D3-BF4B-00C04F79EFBC}") = "Example_001_Variable", "Lesson_02\Example_001_Variable\Example_001_Variable.csproj", "{C84D96DE-1935-47AB-B52B-DF080A699726}"
EndProject
Project("{FAE04EC0-301F-11D3-BF4B-00C04F79EFBC}") = "Example_002_DataTypes", "Lesson_02\Example_002_DataTypes\Example_002_DataTypes.csproj", "{5895B96A-DDD1-4905-A60E-B74838B3383C}"
EndProject
Project("{FAE04EC0-301F-11D3-BF4B-00C04F79EFBC}") = "Example_003_IntegerTypes", "Lesson_02\Example_003_IntegerTypes\Example_003_IntegerTypes.csproj", "{C40CDF98-B67E-4C09-A4BB-D0FC1C34966D}"
EndProject
Project("{FAE04EC0-301F-11D3-BF4B-00C04F79EFBC}") = "Example_004_FloatPointTypes", "Lesson_02\Example_004_FloatPointTypes\Example_004_FloatPointTypes.csproj", "{A83314CD-C2C5-4D6E-9E71-08A3262479AE}"
EndProject
Project("{FAE04EC0-301F-11D3-BF4B-00C04F79EFBC}") = "Example_005_CharTypes", "Lesson_02\Example_005_CharTypes\Example_005_CharTypes.csproj", "{E9291EF1-738E-44A6-9216-F719AC0CD699}"
EndProject
Project("{FAE04EC0-301F-11D3-BF4B-00C04F79EFBC}") = "Example_006_BoolTypes", "Lesson_02\Example_006_BoolTypes\Example_006_BoolTypes.csproj", "{BE034A65-3204-4F56-ABE7-82311D4A6D7F}"
EndProject
Project("{FAE04EC0-301F-11D3-BF4B-00C04F79EFBC}") = "Example_007_StringTypes", "Lesson_02\Example_007_StringTypes\Example_007_StringTypes.csproj", "{2C8C4018-52DF-4929-817C-CFBE718AF003}"
EndProject
Project("{2150E333-8FDC-42A3-9474-1A3956D46DE8}") = "Lesson_02", "Lesson_02", "{769BA673-85E9-49BE-9419-8EA9744BBF8D}"
EndProject
Project("{FAE04EC0-301F-11D3-BF4B-00C04F79EFBC}") = "Example_001_FormattedOutput", "Lesson_03\Example_001_FormattedOutput\Example_001_FormattedOutput.csproj", "{A27870FB-AC66-4EF4-AE43-D4D917F4C2E0}"
EndProject
Project("{FAE04EC0-301F-11D3-BF4B-00C04F79EFBC}") = "Example_002_EscapeSequences", "Lesson_03\Example_002_EscapeSequences\Example_002_EscapeSequences.csproj", "{DDE64797-61C2-4F92-8DFA-2CCC2F81D40F}"
EndProject
Project("{FAE04EC0-301F-11D3-BF4B-00C04F79EFBC}") = "Example_003_StringInterpolation", "Lesson_03\Example_003_StringInterpolation\Example_003_StringInterpolation.csproj", "{49E5E11D-8B5D-4A7F-BA66-4B0A289E32EF}"
EndProject
Project("{FAE04EC0-301F-11D3-BF4B-00C04F79EFBC}") = "Example_004_NumbersAfterPoint", "Lesson_03\Example_004_NumbersAfterPoint\Example_004_NumbersAfterPoint.csproj", "{3FFD500E-990F-4B34-BD39-BE8E43FDDB26}"
EndProject
Project("{2150E333-8FDC-42A3-9474-1A3956D46DE8}") = "Lesson_03", "Lesson_03", "{92DB3669-6B54-4C57-9735-5DFBC01B72EB}"
EndProject
Project("{FAE04EC0-301F-11D3-BF4B-00C04F79EFBC}") = "Example_001_DataTypeConversion", "Lesson_04\Example_001_DataTypeConversion\Example_001_DataTypeConversion.csproj", "{CFFBFEA7-4B96-4C5A-A4FE-C6DA82CB411B}"
EndProject
Project("{2150E333-8FDC-42A3-9474-1A3956D46DE8}") = "Theme_01", "Theme_01", "{7FAF7B37-0EFD-46A4-B394-F14AC9CB8B2F}"
EndProject
Project("{FAE04EC0-301F-11D3-BF4B-00C04F79EFBC}") = "Example_003_ExplicitTypeConversion", "Lesson_04\Example_002_ExplicitTypeConversion\Example_003_ExplicitTypeConversion.csproj", "{F46BE0B3-08C2-4571-A74B-DADE530D1D2C}"
EndProject
Project("{FAE04EC0-301F-11D3-BF4B-00C04F79EFBC}") = "Example_002_ImplicitTypeСonversion", "Lesson_04\Example_003_ImplicitTypeСonversion\Example_002_ImplicitTypeСonversion.csproj", "{B04F3436-FE0A-485D-8167-22300509C8EE}"
EndProject
Project("{FAE04EC0-301F-11D3-BF4B-00C04F79EFBC}") = "Example_004_ParseConversion", "Lesson_04\Example_004_ParseConversion\Example_004_ParseConversion.csproj", "{9B6CCEE5-1E47-4644-B7FF-50FA45217673}"
EndProject
Project("{FAE04EC0-301F-11D3-BF4B-00C04F79EFBC}") = "Example_005_ConvertTo", "Lesson_04\Example_005_ConvertTo\Example_005_ConvertTo.csproj", "{10F5345E-0755-4269-9D6A-52A4AB333396}"
EndProject
Project("{2150E333-8FDC-42A3-9474-1A3956D46DE8}") = "Lesson_04", "Lesson_04", "{9FAD2F0F-3D5E-47DF-B86F-0DB1EC359CB6}"
EndProject
Project("{FAE04EC0-301F-11D3-BF4B-00C04F79EFBC}") = "Example_001_ArithmeticOperations", "Lesson_05\Example_001_ArithmeticOperations\Example_001_ArithmeticOperations.csproj", "{1C33BEFE-63A8-49E1-83EC-2E241E6936AF}"
EndProject
Project("{FAE04EC0-301F-11D3-BF4B-00C04F79EFBC}") = "Example_002_IncrementAndDecrement", "Lesson_05\Example_002_IncrementAndDecrement\Example_002_IncrementAndDecrement.csproj", "{5785DC31-E091-4495-83BB-9918545C3110}"
EndProject
Project("{FAE04EC0-301F-11D3-BF4B-00C04F79EFBC}") = "Example_003_OperationsPriority", "Lesson_05\Example_003_OperationsPriority\Example_003_OperationsPriority.csproj", "{CFEB9FEE-879F-4564-9331-21318875E872}"
EndProject
Project("{FAE04EC0-301F-11D3-BF4B-00C04F79EFBC}") = "Example_004___LogicalOperations", "Lesson_05\Example_004_LogicalOperations\Example_004___LogicalOperations.csproj", "{6A4E7D60-5B92-4A38-9575-B7AEFC17007E}"
EndProject
Project("{2150E333-8FDC-42A3-9474-1A3956D46DE8}") = "Lesson_05", "Lesson_05", "{AB87C182-231C-43AE-94DB-A68A1F08AF95}"
EndProject
Project("{FAE04EC0-301F-11D3-BF4B-00C04F79EFBC}") = "Homework_Theme_01", "Lesson_06\Homework_Theme_01\Homework_Theme_01.csproj", "{19A29861-EDF2-44FF-9C63-FEAE0939348E}"
EndProject
Project("{2150E333-8FDC-42A3-9474-1A3956D46DE8}") = "Theme_02", "Theme_02", "{C21B4E78-23C0-4580-B813-4FDE350FE96F}"
EndProject
Project("{FAE04EC0-301F-11D3-BF4B-00C04F79EFBC}") = "Example_005_MathLogicalOperations", "Lesson_05\Example_005_MathLogicalOperations\Example_005_MathLogicalOperations.csproj", "{A4736D8E-DAC0-4E9A-BA3E-0945B8648073}"
EndProject
Global
	GlobalSection(SolutionConfigurationPlatforms) = preSolution
		Debug|Any CPU = Debug|Any CPU
		Release|Any CPU = Release|Any CPU
	EndGlobalSection
	GlobalSection(ProjectConfigurationPlatforms) = postSolution
		{A7372A6D-4D63-446A-B327-32A659068D8F}.Debug|Any CPU.ActiveCfg = Debug|Any CPU
		{A7372A6D-4D63-446A-B327-32A659068D8F}.Debug|Any CPU.Build.0 = Debug|Any CPU
		{A7372A6D-4D63-446A-B327-32A659068D8F}.Release|Any CPU.ActiveCfg = Release|Any CPU
		{A7372A6D-4D63-446A-B327-32A659068D8F}.Release|Any CPU.Build.0 = Release|Any CPU
		{7FF7F46B-89CD-46C7-994A-D5CB3AA8D718}.Debug|Any CPU.ActiveCfg = Debug|Any CPU
		{7FF7F46B-89CD-46C7-994A-D5CB3AA8D718}.Debug|Any CPU.Build.0 = Debug|Any CPU
		{7FF7F46B-89CD-46C7-994A-D5CB3AA8D718}.Release|Any CPU.ActiveCfg = Release|Any CPU
		{7FF7F46B-89CD-46C7-994A-D5CB3AA8D718}.Release|Any CPU.Build.0 = Release|Any CPU
		{C84D96DE-1935-47AB-B52B-DF080A699726}.Debug|Any CPU.ActiveCfg = Debug|Any CPU
		{C84D96DE-1935-47AB-B52B-DF080A699726}.Debug|Any CPU.Build.0 = Debug|Any CPU
		{C84D96DE-1935-47AB-B52B-DF080A699726}.Release|Any CPU.ActiveCfg = Release|Any CPU
		{C84D96DE-1935-47AB-B52B-DF080A699726}.Release|Any CPU.Build.0 = Release|Any CPU
		{5895B96A-DDD1-4905-A60E-B74838B3383C}.Debug|Any CPU.ActiveCfg = Debug|Any CPU
		{5895B96A-DDD1-4905-A60E-B74838B3383C}.Debug|Any CPU.Build.0 = Debug|Any CPU
		{5895B96A-DDD1-4905-A60E-B74838B3383C}.Release|Any CPU.ActiveCfg = Release|Any CPU
		{5895B96A-DDD1-4905-A60E-B74838B3383C}.Release|Any CPU.Build.0 = Release|Any CPU
		{C40CDF98-B67E-4C09-A4BB-D0FC1C34966D}.Debug|Any CPU.ActiveCfg = Debug|Any CPU
		{C40CDF98-B67E-4C09-A4BB-D0FC1C34966D}.Debug|Any CPU.Build.0 = Debug|Any CPU
		{C40CDF98-B67E-4C09-A4BB-D0FC1C34966D}.Release|Any CPU.ActiveCfg = Release|Any CPU
		{C40CDF98-B67E-4C09-A4BB-D0FC1C34966D}.Release|Any CPU.Build.0 = Release|Any CPU
		{A83314CD-C2C5-4D6E-9E71-08A3262479AE}.Debug|Any CPU.ActiveCfg = Debug|Any CPU
		{A83314CD-C2C5-4D6E-9E71-08A3262479AE}.Debug|Any CPU.Build.0 = Debug|Any CPU
		{A83314CD-C2C5-4D6E-9E71-08A3262479AE}.Release|Any CPU.ActiveCfg = Release|Any CPU
		{A83314CD-C2C5-4D6E-9E71-08A3262479AE}.Release|Any CPU.Build.0 = Release|Any CPU
		{E9291EF1-738E-44A6-9216-F719AC0CD699}.Debug|Any CPU.ActiveCfg = Debug|Any CPU
		{E9291EF1-738E-44A6-9216-F719AC0CD699}.Debug|Any CPU.Build.0 = Debug|Any CPU
		{E9291EF1-738E-44A6-9216-F719AC0CD699}.Release|Any CPU.ActiveCfg = Release|Any CPU
		{E9291EF1-738E-44A6-9216-F719AC0CD699}.Release|Any CPU.Build.0 = Release|Any CPU
		{BE034A65-3204-4F56-ABE7-82311D4A6D7F}.Debug|Any CPU.ActiveCfg = Debug|Any CPU
		{BE034A65-3204-4F56-ABE7-82311D4A6D7F}.Debug|Any CPU.Build.0 = Debug|Any CPU
		{BE034A65-3204-4F56-ABE7-82311D4A6D7F}.Release|Any CPU.ActiveCfg = Release|Any CPU
		{BE034A65-3204-4F56-ABE7-82311D4A6D7F}.Release|Any CPU.Build.0 = Release|Any CPU
		{2C8C4018-52DF-4929-817C-CFBE718AF003}.Debug|Any CPU.ActiveCfg = Debug|Any CPU
		{2C8C4018-52DF-4929-817C-CFBE718AF003}.Debug|Any CPU.Build.0 = Debug|Any CPU
		{2C8C4018-52DF-4929-817C-CFBE718AF003}.Release|Any CPU.ActiveCfg = Release|Any CPU
		{2C8C4018-52DF-4929-817C-CFBE718AF003}.Release|Any CPU.Build.0 = Release|Any CPU
		{A27870FB-AC66-4EF4-AE43-D4D917F4C2E0}.Debug|Any CPU.ActiveCfg = Debug|Any CPU
		{A27870FB-AC66-4EF4-AE43-D4D917F4C2E0}.Debug|Any CPU.Build.0 = Debug|Any CPU
		{A27870FB-AC66-4EF4-AE43-D4D917F4C2E0}.Release|Any CPU.ActiveCfg = Release|Any CPU
		{A27870FB-AC66-4EF4-AE43-D4D917F4C2E0}.Release|Any CPU.Build.0 = Release|Any CPU
		{DDE64797-61C2-4F92-8DFA-2CCC2F81D40F}.Debug|Any CPU.ActiveCfg = Debug|Any CPU
		{DDE64797-61C2-4F92-8DFA-2CCC2F81D40F}.Debug|Any CPU.Build.0 = Debug|Any CPU
		{DDE64797-61C2-4F92-8DFA-2CCC2F81D40F}.Release|Any CPU.ActiveCfg = Release|Any CPU
		{DDE64797-61C2-4F92-8DFA-2CCC2F81D40F}.Release|Any CPU.Build.0 = Release|Any CPU
		{49E5E11D-8B5D-4A7F-BA66-4B0A289E32EF}.Debug|Any CPU.ActiveCfg = Debug|Any CPU
		{49E5E11D-8B5D-4A7F-BA66-4B0A289E32EF}.Debug|Any CPU.Build.0 = Debug|Any CPU
		{49E5E11D-8B5D-4A7F-BA66-4B0A289E32EF}.Release|Any CPU.ActiveCfg = Release|Any CPU
		{49E5E11D-8B5D-4A7F-BA66-4B0A289E32EF}.Release|Any CPU.Build.0 = Release|Any CPU
		{3FFD500E-990F-4B34-BD39-BE8E43FDDB26}.Debug|Any CPU.ActiveCfg = Debug|Any CPU
		{3FFD500E-990F-4B34-BD39-BE8E43FDDB26}.Debug|Any CPU.Build.0 = Debug|Any CPU
		{3FFD500E-990F-4B34-BD39-BE8E43FDDB26}.Release|Any CPU.ActiveCfg = Release|Any CPU
		{3FFD500E-990F-4B34-BD39-BE8E43FDDB26}.Release|Any CPU.Build.0 = Release|Any CPU
		{CFFBFEA7-4B96-4C5A-A4FE-C6DA82CB411B}.Debug|Any CPU.ActiveCfg = Debug|Any CPU
		{CFFBFEA7-4B96-4C5A-A4FE-C6DA82CB411B}.Debug|Any CPU.Build.0 = Debug|Any CPU
		{CFFBFEA7-4B96-4C5A-A4FE-C6DA82CB411B}.Release|Any CPU.ActiveCfg = Release|Any CPU
		{CFFBFEA7-4B96-4C5A-A4FE-C6DA82CB411B}.Release|Any CPU.Build.0 = Release|Any CPU
		{F46BE0B3-08C2-4571-A74B-DADE530D1D2C}.Debug|Any CPU.ActiveCfg = Debug|Any CPU
		{F46BE0B3-08C2-4571-A74B-DADE530D1D2C}.Debug|Any CPU.Build.0 = Debug|Any CPU
		{F46BE0B3-08C2-4571-A74B-DADE530D1D2C}.Release|Any CPU.ActiveCfg = Release|Any CPU
		{F46BE0B3-08C2-4571-A74B-DADE530D1D2C}.Release|Any CPU.Build.0 = Release|Any CPU
		{B04F3436-FE0A-485D-8167-22300509C8EE}.Debug|Any CPU.ActiveCfg = Debug|Any CPU
		{B04F3436-FE0A-485D-8167-22300509C8EE}.Debug|Any CPU.Build.0 = Debug|Any CPU
		{B04F3436-FE0A-485D-8167-22300509C8EE}.Release|Any CPU.ActiveCfg = Release|Any CPU
		{B04F3436-FE0A-485D-8167-22300509C8EE}.Release|Any CPU.Build.0 = Release|Any CPU
		{9B6CCEE5-1E47-4644-B7FF-50FA45217673}.Debug|Any CPU.ActiveCfg = Debug|Any CPU
		{9B6CCEE5-1E47-4644-B7FF-50FA45217673}.Debug|Any CPU.Build.0 = Debug|Any CPU
		{9B6CCEE5-1E47-4644-B7FF-50FA45217673}.Release|Any CPU.ActiveCfg = Release|Any CPU
		{9B6CCEE5-1E47-4644-B7FF-50FA45217673}.Release|Any CPU.Build.0 = Release|Any CPU
		{10F5345E-0755-4269-9D6A-52A4AB333396}.Debug|Any CPU.ActiveCfg = Debug|Any CPU
		{10F5345E-0755-4269-9D6A-52A4AB333396}.Debug|Any CPU.Build.0 = Debug|Any CPU
		{10F5345E-0755-4269-9D6A-52A4AB333396}.Release|Any CPU.ActiveCfg = Release|Any CPU
		{10F5345E-0755-4269-9D6A-52A4AB333396}.Release|Any CPU.Build.0 = Release|Any CPU
		{1C33BEFE-63A8-49E1-83EC-2E241E6936AF}.Debug|Any CPU.ActiveCfg = Debug|Any CPU
		{1C33BEFE-63A8-49E1-83EC-2E241E6936AF}.Debug|Any CPU.Build.0 = Debug|Any CPU
		{1C33BEFE-63A8-49E1-83EC-2E241E6936AF}.Release|Any CPU.ActiveCfg = Release|Any CPU
		{1C33BEFE-63A8-49E1-83EC-2E241E6936AF}.Release|Any CPU.Build.0 = Release|Any CPU
		{5785DC31-E091-4495-83BB-9918545C3110}.Debug|Any CPU.ActiveCfg = Debug|Any CPU
		{5785DC31-E091-4495-83BB-9918545C3110}.Debug|Any CPU.Build.0 = Debug|Any CPU
		{5785DC31-E091-4495-83BB-9918545C3110}.Release|Any CPU.ActiveCfg = Release|Any CPU
		{5785DC31-E091-4495-83BB-9918545C3110}.Release|Any CPU.Build.0 = Release|Any CPU
		{CFEB9FEE-879F-4564-9331-21318875E872}.Debug|Any CPU.ActiveCfg = Debug|Any CPU
		{CFEB9FEE-879F-4564-9331-21318875E872}.Debug|Any CPU.Build.0 = Debug|Any CPU
		{CFEB9FEE-879F-4564-9331-21318875E872}.Release|Any CPU.ActiveCfg = Release|Any CPU
		{CFEB9FEE-879F-4564-9331-21318875E872}.Release|Any CPU.Build.0 = Release|Any CPU
		{6A4E7D60-5B92-4A38-9575-B7AEFC17007E}.Debug|Any CPU.ActiveCfg = Debug|Any CPU
		{6A4E7D60-5B92-4A38-9575-B7AEFC17007E}.Debug|Any CPU.Build.0 = Debug|Any CPU
		{6A4E7D60-5B92-4A38-9575-B7AEFC17007E}.Release|Any CPU.ActiveCfg = Release|Any CPU
		{6A4E7D60-5B92-4A38-9575-B7AEFC17007E}.Release|Any CPU.Build.0 = Release|Any CPU
		{19A29861-EDF2-44FF-9C63-FEAE0939348E}.Debug|Any CPU.ActiveCfg = Debug|Any CPU
		{19A29861-EDF2-44FF-9C63-FEAE0939348E}.Debug|Any CPU.Build.0 = Debug|Any CPU
		{19A29861-EDF2-44FF-9C63-FEAE0939348E}.Release|Any CPU.ActiveCfg = Release|Any CPU
		{19A29861-EDF2-44FF-9C63-FEAE0939348E}.Release|Any CPU.Build.0 = Release|Any CPU
		{A4736D8E-DAC0-4E9A-BA3E-0945B8648073}.Debug|Any CPU.ActiveCfg = Debug|Any CPU
		{A4736D8E-DAC0-4E9A-BA3E-0945B8648073}.Debug|Any CPU.Build.0 = Debug|Any CPU
		{A4736D8E-DAC0-4E9A-BA3E-0945B8648073}.Release|Any CPU.ActiveCfg = Release|Any CPU
		{A4736D8E-DAC0-4E9A-BA3E-0945B8648073}.Release|Any CPU.Build.0 = Release|Any CPU
	EndGlobalSection
	GlobalSection(SolutionProperties) = preSolution
		HideSolutionNode = FALSE
	EndGlobalSection
	GlobalSection(NestedProjects) = preSolution
		{4021C2D2-7BCD-4D97-8296-73EF4AF009FA} = {7FAF7B37-0EFD-46A4-B394-F14AC9CB8B2F}
		{A7372A6D-4D63-446A-B327-32A659068D8F} = {4021C2D2-7BCD-4D97-8296-73EF4AF009FA}
		{7FF7F46B-89CD-46C7-994A-D5CB3AA8D718} = {4021C2D2-7BCD-4D97-8296-73EF4AF009FA}
		{6C0AE5AE-6622-41E0-BC52-7B49169871FE} = {C21B4E78-23C0-4580-B813-4FDE350FE96F}
		{C84D96DE-1935-47AB-B52B-DF080A699726} = {6C0AE5AE-6622-41E0-BC52-7B49169871FE}
		{5895B96A-DDD1-4905-A60E-B74838B3383C} = {6C0AE5AE-6622-41E0-BC52-7B49169871FE}
		{C40CDF98-B67E-4C09-A4BB-D0FC1C34966D} = {6C0AE5AE-6622-41E0-BC52-7B49169871FE}
		{A83314CD-C2C5-4D6E-9E71-08A3262479AE} = {6C0AE5AE-6622-41E0-BC52-7B49169871FE}
		{E9291EF1-738E-44A6-9216-F719AC0CD699} = {6C0AE5AE-6622-41E0-BC52-7B49169871FE}
		{BE034A65-3204-4F56-ABE7-82311D4A6D7F} = {6C0AE5AE-6622-41E0-BC52-7B49169871FE}
		{2C8C4018-52DF-4929-817C-CFBE718AF003} = {6C0AE5AE-6622-41E0-BC52-7B49169871FE}
		{769BA673-85E9-49BE-9419-8EA9744BBF8D} = {C21B4E78-23C0-4580-B813-4FDE350FE96F}
		{A27870FB-AC66-4EF4-AE43-D4D917F4C2E0} = {769BA673-85E9-49BE-9419-8EA9744BBF8D}
		{DDE64797-61C2-4F92-8DFA-2CCC2F81D40F} = {769BA673-85E9-49BE-9419-8EA9744BBF8D}
		{49E5E11D-8B5D-4A7F-BA66-4B0A289E32EF} = {769BA673-85E9-49BE-9419-8EA9744BBF8D}
		{3FFD500E-990F-4B34-BD39-BE8E43FDDB26} = {769BA673-85E9-49BE-9419-8EA9744BBF8D}
		{92DB3669-6B54-4C57-9735-5DFBC01B72EB} = {C21B4E78-23C0-4580-B813-4FDE350FE96F}
		{CFFBFEA7-4B96-4C5A-A4FE-C6DA82CB411B} = {92DB3669-6B54-4C57-9735-5DFBC01B72EB}
		{F46BE0B3-08C2-4571-A74B-DADE530D1D2C} = {92DB3669-6B54-4C57-9735-5DFBC01B72EB}
		{B04F3436-FE0A-485D-8167-22300509C8EE} = {92DB3669-6B54-4C57-9735-5DFBC01B72EB}
		{9B6CCEE5-1E47-4644-B7FF-50FA45217673} = {92DB3669-6B54-4C57-9735-5DFBC01B72EB}
		{10F5345E-0755-4269-9D6A-52A4AB333396} = {92DB3669-6B54-4C57-9735-5DFBC01B72EB}
		{9FAD2F0F-3D5E-47DF-B86F-0DB1EC359CB6} = {C21B4E78-23C0-4580-B813-4FDE350FE96F}
		{1C33BEFE-63A8-49E1-83EC-2E241E6936AF} = {9FAD2F0F-3D5E-47DF-B86F-0DB1EC359CB6}
		{5785DC31-E091-4495-83BB-9918545C3110} = {9FAD2F0F-3D5E-47DF-B86F-0DB1EC359CB6}
		{CFEB9FEE-879F-4564-9331-21318875E872} = {9FAD2F0F-3D5E-47DF-B86F-0DB1EC359CB6}
		{6A4E7D60-5B92-4A38-9575-B7AEFC17007E} = {9FAD2F0F-3D5E-47DF-B86F-0DB1EC359CB6}
		{AB87C182-231C-43AE-94DB-A68A1F08AF95} = {C21B4E78-23C0-4580-B813-4FDE350FE96F}
		{19A29861-EDF2-44FF-9C63-FEAE0939348E} = {AB87C182-231C-43AE-94DB-A68A1F08AF95}
		{A4736D8E-DAC0-4E9A-BA3E-0945B8648073} = {9FAD2F0F-3D5E-47DF-B86F-0DB1EC359CB6}
	EndGlobalSection
	GlobalSection(ExtensibilityGlobals) = postSolution
		SolutionGuid = {6CE69695-2389-49A4-A8B3-FCD865258688}
	EndGlobalSection
EndGlobal
