
Microsoft Visual Studio Solution File, Format Version 12.00
# Visual Studio Version 16
VisualStudioVersion = 16.0.29519.181
MinimumVisualStudioVersion = 10.0.40219.1
Project("{FAE04EC0-301F-11D3-BF4B-00C04F79EFBC}") = "BasicDataTypes", "BasicDataTypes\BasicDataTypes.csproj", "{F36473BD-AFD8-4AE5-BC3D-6F7E6E7CA00B}"
EndProject
Global
	GlobalSection(SolutionConfigurationPlatforms) = preSolution
		Debug|Any CPU = Debug|Any CPU
		Release|Any CPU = Release|Any CPU
	EndGlobalSection
	GlobalSection(ProjectConfigurationPlatforms) = postSolution
		{F36473BD-AFD8-4AE5-BC3D-6F7E6E7CA00B}.Debug|Any CPU.ActiveCfg = Debug|Any CPU
		{F36473BD-AFD8-4AE5-BC3D-6F7E6E7CA00B}.Debug|Any CPU.Build.0 = Debug|Any CPU
		{F36473BD-AFD8-4AE5-BC3D-6F7E6E7CA00B}.Release|Any CPU.ActiveCfg = Release|Any CPU
		{F36473BD-AFD8-4AE5-BC3D-6F7E6E7CA00B}.Release|Any CPU.Build.0 = Release|Any CPU
	EndGlobalSection
	GlobalSection(SolutionProperties) = preSolution
		HideSolutionNode = FALSE
	EndGlobalSection
	GlobalSection(ExtensibilityGlobals) = postSolution
		SolutionGuid = {817582EE-F70C-41C0-879B-EC28CA382B6D}
	EndGlobalSection
EndGlobal
